
Microsoft Visual Studio Solution File, Format Version 12.00
Project("{FAE04EC0-301F-11D3-BF4B-00C04F79EFBC}") = "WebAPI", "WebAPI\WebAPI.csproj", "{4836BFAC-5F13-4365-BD29-4907D8E9418C}"
EndProject
Project("{FAE04EC0-301F-11D3-BF4B-00C04F79EFBC}") = "DataAccessLayer", "DataAccessLayer\DataAccessLayer.csproj", "{1E4DF62B-ECB5-4776-AE09-8D45D26E523F}"
EndProject
Project("{FAE04EC0-301F-11D3-BF4B-00C04F79EFBC}") = "Core", "Core\Core.csproj", "{551F1E34-E334-4962-A9BB-DFFE023CD250}"
EndProject
Project("{FAE04EC0-301F-11D3-BF4B-00C04F79EFBC}") = "Tests", "Tests\Tests.csproj", "{76D962D6-51EA-4BBE-85B0-B7EF74B7CECC}"
EndProject
Project("{FAE04EC0-301F-11D3-BF4B-00C04F79EFBC}") = "WebMVC", "WebMVC\WebMVC.csproj", "{9452C72F-AD1F-44CF-9BD8-D9AD13C6BEF8}"
EndProject
Global
	GlobalSection(SolutionConfigurationPlatforms) = preSolution
		Debug|Any CPU = Debug|Any CPU
		Release|Any CPU = Release|Any CPU
	EndGlobalSection
	GlobalSection(ProjectConfigurationPlatforms) = postSolution
		{4836BFAC-5F13-4365-BD29-4907D8E9418C}.Debug|Any CPU.ActiveCfg = Debug|Any CPU
		{4836BFAC-5F13-4365-BD29-4907D8E9418C}.Debug|Any CPU.Build.0 = Debug|Any CPU
		{4836BFAC-5F13-4365-BD29-4907D8E9418C}.Release|Any CPU.ActiveCfg = Release|Any CPU
		{4836BFAC-5F13-4365-BD29-4907D8E9418C}.Release|Any CPU.Build.0 = Release|Any CPU
		{1E4DF62B-ECB5-4776-AE09-8D45D26E523F}.Debug|Any CPU.ActiveCfg = Debug|Any CPU
		{1E4DF62B-ECB5-4776-AE09-8D45D26E523F}.Debug|Any CPU.Build.0 = Debug|Any CPU
		{1E4DF62B-ECB5-4776-AE09-8D45D26E523F}.Release|Any CPU.ActiveCfg = Release|Any CPU
		{1E4DF62B-ECB5-4776-AE09-8D45D26E523F}.Release|Any CPU.Build.0 = Release|Any CPU
		{551F1E34-E334-4962-A9BB-DFFE023CD250}.Debug|Any CPU.ActiveCfg = Debug|Any CPU
		{551F1E34-E334-4962-A9BB-DFFE023CD250}.Debug|Any CPU.Build.0 = Debug|Any CPU
		{551F1E34-E334-4962-A9BB-DFFE023CD250}.Release|Any CPU.ActiveCfg = Release|Any CPU
		{551F1E34-E334-4962-A9BB-DFFE023CD250}.Release|Any CPU.Build.0 = Release|Any CPU
		{76D962D6-51EA-4BBE-85B0-B7EF74B7CECC}.Debug|Any CPU.ActiveCfg = Debug|Any CPU
		{76D962D6-51EA-4BBE-85B0-B7EF74B7CECC}.Debug|Any CPU.Build.0 = Debug|Any CPU
		{76D962D6-51EA-4BBE-85B0-B7EF74B7CECC}.Release|Any CPU.ActiveCfg = Release|Any CPU
		{76D962D6-51EA-4BBE-85B0-B7EF74B7CECC}.Release|Any CPU.Build.0 = Release|Any CPU
		{9452C72F-AD1F-44CF-9BD8-D9AD13C6BEF8}.Debug|Any CPU.ActiveCfg = Debug|Any CPU
		{9452C72F-AD1F-44CF-9BD8-D9AD13C6BEF8}.Debug|Any CPU.Build.0 = Debug|Any CPU
		{9452C72F-AD1F-44CF-9BD8-D9AD13C6BEF8}.Release|Any CPU.ActiveCfg = Release|Any CPU
		{9452C72F-AD1F-44CF-9BD8-D9AD13C6BEF8}.Release|Any CPU.Build.0 = Release|Any CPU
	EndGlobalSection
EndGlobal
